
Microsoft Visual Studio Solution File, Format Version 12.00
# Visual Studio Version 16
VisualStudioVersion = 16.0.29709.97
MinimumVisualStudioVersion = 10.0.40219.1
Project("{2150E333-8FDC-42A3-9474-1A3956D46DE8}") = "Markdowns", "Markdowns", "{F205A163-BCD0-46AE-89B2-5E37C004957D}"
	ProjectSection(SolutionItems) = preProject
		LICENSE.md = LICENSE.md
		ReadMe.md = ReadMe.md
	EndProjectSection
EndProject
Project("{FAE04EC0-301F-11D3-BF4B-00C04F79EFBC}") = "CSF.WPF.Framework", "CSF.WPF.Framework\CSF.WPF.Framework.csproj", "{3D037EE4-F221-440D-926A-80E6C0E2E2A7}"
EndProject
Project("{9A19103F-16F7-4668-BE54-9A1E7A4F7556}") = "frg2089.LoggerMGR", "frg2089.LoggerMGR\frg2089.LoggerMGR.csproj", "{0FC5A5EA-210F-4AAC-B959-EB7DF91B9740}"
EndProject
Project("{9A19103F-16F7-4668-BE54-9A1E7A4F7556}") = "CSF.Model.Extension", "CSF.Model.Extension\CSF.Model.Extension.csproj", "{65F6D006-E43E-4C9D-91F5-C35BE213644A}"
EndProject
Project("{FAE04EC0-301F-11D3-BF4B-00C04F79EFBC}") = "CSF.WPF.Framework.Console", "CSF.WPF.Framework.Console\CSF.WPF.Framework.Console.csproj", "{1392DAB8-2089-4639-8F29-00C41C865155}"
EndProject
Project("{9A19103F-16F7-4668-BE54-9A1E7A4F7556}") = "CSF.WPF.Core", "CSF.WPF.Core\CSF.WPF.Core.csproj", "{030D0B76-BAE4-4488-B85C-2CE63CD0F577}"
EndProject
Global
	GlobalSection(SolutionConfigurationPlatforms) = preSolution
		Debug|Any CPU = Debug|Any CPU
		Debug|ARM = Debug|ARM
		Debug|ARM64 = Debug|ARM64
		Debug|x64 = Debug|x64
		Debug|x86 = Debug|x86
		Release|Any CPU = Release|Any CPU
		Release|ARM = Release|ARM
		Release|ARM64 = Release|ARM64
		Release|x64 = Release|x64
		Release|x86 = Release|x86
	EndGlobalSection
	GlobalSection(ProjectConfigurationPlatforms) = postSolution
		{3D037EE4-F221-440D-926A-80E6C0E2E2A7}.Debug|Any CPU.ActiveCfg = Debug|Any CPU
		{3D037EE4-F221-440D-926A-80E6C0E2E2A7}.Debug|Any CPU.Build.0 = Debug|Any CPU
		{3D037EE4-F221-440D-926A-80E6C0E2E2A7}.Debug|ARM.ActiveCfg = Debug|Any CPU
		{3D037EE4-F221-440D-926A-80E6C0E2E2A7}.Debug|ARM.Build.0 = Debug|Any CPU
		{3D037EE4-F221-440D-926A-80E6C0E2E2A7}.Debug|ARM64.ActiveCfg = Debug|Any CPU
		{3D037EE4-F221-440D-926A-80E6C0E2E2A7}.Debug|ARM64.Build.0 = Debug|Any CPU
		{3D037EE4-F221-440D-926A-80E6C0E2E2A7}.Debug|x64.ActiveCfg = Debug|x64
		{3D037EE4-F221-440D-926A-80E6C0E2E2A7}.Debug|x64.Build.0 = Debug|x64
		{3D037EE4-F221-440D-926A-80E6C0E2E2A7}.Debug|x86.ActiveCfg = Debug|Any CPU
		{3D037EE4-F221-440D-926A-80E6C0E2E2A7}.Debug|x86.Build.0 = Debug|Any CPU
		{3D037EE4-F221-440D-926A-80E6C0E2E2A7}.Release|Any CPU.ActiveCfg = Release|Any CPU
		{3D037EE4-F221-440D-926A-80E6C0E2E2A7}.Release|Any CPU.Build.0 = Release|Any CPU
		{3D037EE4-F221-440D-926A-80E6C0E2E2A7}.Release|ARM.ActiveCfg = Release|Any CPU
		{3D037EE4-F221-440D-926A-80E6C0E2E2A7}.Release|ARM.Build.0 = Release|Any CPU
		{3D037EE4-F221-440D-926A-80E6C0E2E2A7}.Release|ARM64.ActiveCfg = Release|Any CPU
		{3D037EE4-F221-440D-926A-80E6C0E2E2A7}.Release|ARM64.Build.0 = Release|Any CPU
		{3D037EE4-F221-440D-926A-80E6C0E2E2A7}.Release|x64.ActiveCfg = Release|Any CPU
		{3D037EE4-F221-440D-926A-80E6C0E2E2A7}.Release|x64.Build.0 = Release|Any CPU
		{3D037EE4-F221-440D-926A-80E6C0E2E2A7}.Release|x86.ActiveCfg = Release|Any CPU
		{3D037EE4-F221-440D-926A-80E6C0E2E2A7}.Release|x86.Build.0 = Release|Any CPU
		{0FC5A5EA-210F-4AAC-B959-EB7DF91B9740}.Debug|Any CPU.ActiveCfg = Debug|Any CPU
		{0FC5A5EA-210F-4AAC-B959-EB7DF91B9740}.Debug|Any CPU.Build.0 = Debug|Any CPU
		{0FC5A5EA-210F-4AAC-B959-EB7DF91B9740}.Debug|ARM.ActiveCfg = Debug|Any CPU
		{0FC5A5EA-210F-4AAC-B959-EB7DF91B9740}.Debug|ARM.Build.0 = Debug|Any CPU
		{0FC5A5EA-210F-4AAC-B959-EB7DF91B9740}.Debug|ARM64.ActiveCfg = Debug|Any CPU
		{0FC5A5EA-210F-4AAC-B959-EB7DF91B9740}.Debug|ARM64.Build.0 = Debug|Any CPU
		{0FC5A5EA-210F-4AAC-B959-EB7DF91B9740}.Debug|x64.ActiveCfg = Debug|Any CPU
		{0FC5A5EA-210F-4AAC-B959-EB7DF91B9740}.Debug|x64.Build.0 = Debug|Any CPU
		{0FC5A5EA-210F-4AAC-B959-EB7DF91B9740}.Debug|x86.ActiveCfg = Debug|Any CPU
		{0FC5A5EA-210F-4AAC-B959-EB7DF91B9740}.Debug|x86.Build.0 = Debug|Any CPU
		{0FC5A5EA-210F-4AAC-B959-EB7DF91B9740}.Release|Any CPU.ActiveCfg = Release|Any CPU
		{0FC5A5EA-210F-4AAC-B959-EB7DF91B9740}.Release|Any CPU.Build.0 = Release|Any CPU
		{0FC5A5EA-210F-4AAC-B959-EB7DF91B9740}.Release|ARM.ActiveCfg = Release|Any CPU
		{0FC5A5EA-210F-4AAC-B959-EB7DF91B9740}.Release|ARM.Build.0 = Release|Any CPU
		{0FC5A5EA-210F-4AAC-B959-EB7DF91B9740}.Release|ARM64.ActiveCfg = Release|Any CPU
		{0FC5A5EA-210F-4AAC-B959-EB7DF91B9740}.Release|ARM64.Build.0 = Release|Any CPU
		{0FC5A5EA-210F-4AAC-B959-EB7DF91B9740}.Release|x64.ActiveCfg = Release|Any CPU
		{0FC5A5EA-210F-4AAC-B959-EB7DF91B9740}.Release|x64.Build.0 = Release|Any CPU
		{0FC5A5EA-210F-4AAC-B959-EB7DF91B9740}.Release|x86.ActiveCfg = Release|Any CPU
		{0FC5A5EA-210F-4AAC-B959-EB7DF91B9740}.Release|x86.Build.0 = Release|Any CPU
		{65F6D006-E43E-4C9D-91F5-C35BE213644A}.Debug|Any CPU.ActiveCfg = Debug|Any CPU
		{65F6D006-E43E-4C9D-91F5-C35BE213644A}.Debug|Any CPU.Build.0 = Debug|Any CPU
		{65F6D006-E43E-4C9D-91F5-C35BE213644A}.Debug|ARM.ActiveCfg = Debug|Any CPU
		{65F6D006-E43E-4C9D-91F5-C35BE213644A}.Debug|ARM.Build.0 = Debug|Any CPU
		{65F6D006-E43E-4C9D-91F5-C35BE213644A}.Debug|ARM64.ActiveCfg = Debug|Any CPU
		{65F6D006-E43E-4C9D-91F5-C35BE213644A}.Debug|ARM64.Build.0 = Debug|Any CPU
		{65F6D006-E43E-4C9D-91F5-C35BE213644A}.Debug|x64.ActiveCfg = Debug|Any CPU
		{65F6D006-E43E-4C9D-91F5-C35BE213644A}.Debug|x64.Build.0 = Debug|Any CPU
		{65F6D006-E43E-4C9D-91F5-C35BE213644A}.Debug|x86.ActiveCfg = Debug|Any CPU
		{65F6D006-E43E-4C9D-91F5-C35BE213644A}.Debug|x86.Build.0 = Debug|Any CPU
		{65F6D006-E43E-4C9D-91F5-C35BE213644A}.Release|Any CPU.ActiveCfg = Release|Any CPU
		{65F6D006-E43E-4C9D-91F5-C35BE213644A}.Release|Any CPU.Build.0 = Release|Any CPU
		{65F6D006-E43E-4C9D-91F5-C35BE213644A}.Release|ARM.ActiveCfg = Release|Any CPU
		{65F6D006-E43E-4C9D-91F5-C35BE213644A}.Release|ARM.Build.0 = Release|Any CPU
		{65F6D006-E43E-4C9D-91F5-C35BE213644A}.Release|ARM64.ActiveCfg = Release|Any CPU
		{65F6D006-E43E-4C9D-91F5-C35BE213644A}.Release|ARM64.Build.0 = Release|Any CPU
		{65F6D006-E43E-4C9D-91F5-C35BE213644A}.Release|x64.ActiveCfg = Release|Any CPU
		{65F6D006-E43E-4C9D-91F5-C35BE213644A}.Release|x64.Build.0 = Release|Any CPU
		{65F6D006-E43E-4C9D-91F5-C35BE213644A}.Release|x86.ActiveCfg = Release|Any CPU
		{65F6D006-E43E-4C9D-91F5-C35BE213644A}.Release|x86.Build.0 = Release|Any CPU
		{1392DAB8-2089-4639-8F29-00C41C865155}.Debug|Any CPU.ActiveCfg = Debug|Any CPU
		{1392DAB8-2089-4639-8F29-00C41C865155}.Debug|Any CPU.Build.0 = Debug|Any CPU
		{1392DAB8-2089-4639-8F29-00C41C865155}.Debug|ARM.ActiveCfg = Debug|Any CPU
		{1392DAB8-2089-4639-8F29-00C41C865155}.Debug|ARM.Build.0 = Debug|Any CPU
		{1392DAB8-2089-4639-8F29-00C41C865155}.Debug|ARM64.ActiveCfg = Debug|Any CPU
		{1392DAB8-2089-4639-8F29-00C41C865155}.Debug|ARM64.Build.0 = Debug|Any CPU
		{1392DAB8-2089-4639-8F29-00C41C865155}.Debug|x64.ActiveCfg = Debug|x64
		{1392DAB8-2089-4639-8F29-00C41C865155}.Debug|x64.Build.0 = Debug|x64
		{1392DAB8-2089-4639-8F29-00C41C865155}.Debug|x86.ActiveCfg = Debug|Any CPU
		{1392DAB8-2089-4639-8F29-00C41C865155}.Debug|x86.Build.0 = Debug|Any CPU
		{1392DAB8-2089-4639-8F29-00C41C865155}.Release|Any CPU.ActiveCfg = Release|Any CPU
		{1392DAB8-2089-4639-8F29-00C41C865155}.Release|Any CPU.Build.0 = Release|Any CPU
		{1392DAB8-2089-4639-8F29-00C41C865155}.Release|ARM.ActiveCfg = Release|Any CPU
		{1392DAB8-2089-4639-8F29-00C41C865155}.Release|ARM.Build.0 = Release|Any CPU
		{1392DAB8-2089-4639-8F29-00C41C865155}.Release|ARM64.ActiveCfg = Release|Any CPU
		{1392DAB8-2089-4639-8F29-00C41C865155}.Release|ARM64.Build.0 = Release|Any CPU
		{1392DAB8-2089-4639-8F29-00C41C865155}.Release|x64.ActiveCfg = Release|Any CPU
		{1392DAB8-2089-4639-8F29-00C41C865155}.Release|x64.Build.0 = Release|Any CPU
		{1392DAB8-2089-4639-8F29-00C41C865155}.Release|x86.ActiveCfg = Release|Any CPU
		{1392DAB8-2089-4639-8F29-00C41C865155}.Release|x86.Build.0 = Release|Any CPU
		{030D0B76-BAE4-4488-B85C-2CE63CD0F577}.Debug|Any CPU.ActiveCfg = Debug|Any CPU
		{030D0B76-BAE4-4488-B85C-2CE63CD0F577}.Debug|Any CPU.Build.0 = Debug|Any CPU
		{030D0B76-BAE4-4488-B85C-2CE63CD0F577}.Debug|ARM.ActiveCfg = Debug|Any CPU
		{030D0B76-BAE4-4488-B85C-2CE63CD0F577}.Debug|ARM.Build.0 = Debug|Any CPU
		{030D0B76-BAE4-4488-B85C-2CE63CD0F577}.Debug|ARM64.ActiveCfg = Debug|Any CPU
		{030D0B76-BAE4-4488-B85C-2CE63CD0F577}.Debug|ARM64.Build.0 = Debug|Any CPU
		{030D0B76-BAE4-4488-B85C-2CE63CD0F577}.Debug|x64.ActiveCfg = Debug|x64
		{030D0B76-BAE4-4488-B85C-2CE63CD0F577}.Debug|x64.Build.0 = Debug|x64
		{030D0B76-BAE4-4488-B85C-2CE63CD0F577}.Debug|x86.ActiveCfg = Debug|Any CPU
		{030D0B76-BAE4-4488-B85C-2CE63CD0F577}.Debug|x86.Build.0 = Debug|Any CPU
		{030D0B76-BAE4-4488-B85C-2CE63CD0F577}.Release|Any CPU.ActiveCfg = Release|Any CPU
		{030D0B76-BAE4-4488-B85C-2CE63CD0F577}.Release|Any CPU.Build.0 = Release|Any CPU
		{030D0B76-BAE4-4488-B85C-2CE63CD0F577}.Release|ARM.ActiveCfg = Release|Any CPU
		{030D0B76-BAE4-4488-B85C-2CE63CD0F577}.Release|ARM.Build.0 = Release|Any CPU
		{030D0B76-BAE4-4488-B85C-2CE63CD0F577}.Release|ARM64.ActiveCfg = Release|Any CPU
		{030D0B76-BAE4-4488-B85C-2CE63CD0F577}.Release|ARM64.Build.0 = Release|Any CPU
		{030D0B76-BAE4-4488-B85C-2CE63CD0F577}.Release|x64.ActiveCfg = Release|Any CPU
		{030D0B76-BAE4-4488-B85C-2CE63CD0F577}.Release|x64.Build.0 = Release|Any CPU
		{030D0B76-BAE4-4488-B85C-2CE63CD0F577}.Release|x86.ActiveCfg = Release|Any CPU
		{030D0B76-BAE4-4488-B85C-2CE63CD0F577}.Release|x86.Build.0 = Release|Any CPU
	EndGlobalSection
	GlobalSection(SolutionProperties) = preSolution
		HideSolutionNode = FALSE
	EndGlobalSection
	GlobalSection(ExtensibilityGlobals) = postSolution
		SolutionGuid = {BED1C01C-DCA9-413E-9D6A-C02FEB58A039}
	EndGlobalSection
EndGlobal
