
Microsoft Visual Studio Solution File, Format Version 12.00
# Visual Studio Version 16
VisualStudioVersion = 16.0.29709.97
MinimumVisualStudioVersion = 10.0.40219.1
Project("{FAE04EC0-301F-11D3-BF4B-00C04F79EFBC}") = "frg2089.CSF.Editor", "frg2089.CSF.Editor\frg2089.CSF.Editor.csproj", "{FF6879D9-E1BD-4657-8F3A-964BEE098737}"
EndProject
Project("{FAE04EC0-301F-11D3-BF4B-00C04F79EFBC}") = "frg2089.CSF.Core", "frg2089.CSF.Core\frg2089.CSF.Core.csproj", "{38050C32-CDD1-4322-9CE4-18544EF3974A}"
EndProject
Project("{2150E333-8FDC-42A3-9474-1A3956D46DE8}") = "Markdowns", "Markdowns", "{F205A163-BCD0-46AE-89B2-5E37C004957D}"
	ProjectSection(SolutionItems) = preProject
		LICENSE.md = LICENSE.md
		ReadMe.md = ReadMe.md
	EndProjectSection
EndProject
Global
	GlobalSection(SolutionConfigurationPlatforms) = preSolution
		Debug|Any CPU = Debug|Any CPU
		Release|Any CPU = Release|Any CPU
	EndGlobalSection
	GlobalSection(ProjectConfigurationPlatforms) = postSolution
		{FF6879D9-E1BD-4657-8F3A-964BEE098737}.Debug|Any CPU.ActiveCfg = Debug|Any CPU
		{FF6879D9-E1BD-4657-8F3A-964BEE098737}.Debug|Any CPU.Build.0 = Debug|Any CPU
		{FF6879D9-E1BD-4657-8F3A-964BEE098737}.Release|Any CPU.ActiveCfg = Release|Any CPU
		{FF6879D9-E1BD-4657-8F3A-964BEE098737}.Release|Any CPU.Build.0 = Release|Any CPU
		{38050C32-CDD1-4322-9CE4-18544EF3974A}.Debug|Any CPU.ActiveCfg = Debug|Any CPU
		{38050C32-CDD1-4322-9CE4-18544EF3974A}.Debug|Any CPU.Build.0 = Debug|Any CPU
		{38050C32-CDD1-4322-9CE4-18544EF3974A}.Release|Any CPU.ActiveCfg = Release|Any CPU
		{38050C32-CDD1-4322-9CE4-18544EF3974A}.Release|Any CPU.Build.0 = Release|Any CPU
	EndGlobalSection
	GlobalSection(SolutionProperties) = preSolution
		HideSolutionNode = FALSE
	EndGlobalSection
	GlobalSection(ExtensibilityGlobals) = postSolution
		SolutionGuid = {BED1C01C-DCA9-413E-9D6A-C02FEB58A039}
	EndGlobalSection
EndGlobal
