
Microsoft Visual Studio Solution File, Format Version 12.00
# Visual Studio Version 16
VisualStudioVersion = 16.0.29519.87
MinimumVisualStudioVersion = 10.0.40219.1
Project("{2150E333-8FDC-42A3-9474-1A3956D46DE8}") = "Markdowns", "Markdowns", "{F205A163-BCD0-46AE-89B2-5E37C004957D}"
	ProjectSection(SolutionItems) = preProject
		LICENSE.md = LICENSE.md
		ReadMe.md = ReadMe.md
	EndProjectSection
EndProject
Project("{9A19103F-16F7-4668-BE54-9A1E7A4F7556}") = "CSF.WPF.Core", "CSF.WPF.Core\CSF.WPF.Core.csproj", "{030D0B76-BAE4-4488-B85C-2CE63CD0F577}"
EndProject
Project("{9A19103F-16F7-4668-BE54-9A1E7A4F7556}") = "CSF.Model", "CSF.Model\CSF.Model.csproj", "{FBB2FC3F-71F5-4309-BD2A-E500FBF92695}"
EndProject
Project("{9A19103F-16F7-4668-BE54-9A1E7A4F7556}") = "CSF.Logmgr", "CSF.Logmgr\CSF.Logmgr.csproj", "{06C8FC08-8958-4676-B46C-E060AAB99730}"
EndProject
Project("{9A19103F-16F7-4668-BE54-9A1E7A4F7556}") = "CSF.Plugin", "CSF.Plugin\CSF.Plugin.csproj", "{F244897E-02B9-492B-981C-1D89699F50D5}"
EndProject
Project("{9A19103F-16F7-4668-BE54-9A1E7A4F7556}") = "CSF.Plugin.Convert", "CSF.Plugin.Convert\CSF.Plugin.Convert.csproj", "{469D426D-A3A7-40AE-BC82-27A21DCB08E6}"
EndProject
Global
	GlobalSection(SolutionConfigurationPlatforms) = preSolution
		Debug|Any CPU = Debug|Any CPU
		Debug|ARM = Debug|ARM
		Debug|ARM64 = Debug|ARM64
		Debug|x64 = Debug|x64
		Debug|x86 = Debug|x86
		Release|Any CPU = Release|Any CPU
		Release|ARM = Release|ARM
		Release|ARM64 = Release|ARM64
		Release|x64 = Release|x64
		Release|x86 = Release|x86
	EndGlobalSection
	GlobalSection(ProjectConfigurationPlatforms) = postSolution
		{030D0B76-BAE4-4488-B85C-2CE63CD0F577}.Debug|Any CPU.ActiveCfg = Debug|Any CPU
		{030D0B76-BAE4-4488-B85C-2CE63CD0F577}.Debug|Any CPU.Build.0 = Debug|Any CPU
		{030D0B76-BAE4-4488-B85C-2CE63CD0F577}.Debug|ARM.ActiveCfg = Debug|Any CPU
		{030D0B76-BAE4-4488-B85C-2CE63CD0F577}.Debug|ARM.Build.0 = Debug|Any CPU
		{030D0B76-BAE4-4488-B85C-2CE63CD0F577}.Debug|ARM64.ActiveCfg = Debug|Any CPU
		{030D0B76-BAE4-4488-B85C-2CE63CD0F577}.Debug|ARM64.Build.0 = Debug|Any CPU
		{030D0B76-BAE4-4488-B85C-2CE63CD0F577}.Debug|x64.ActiveCfg = Debug|x64
		{030D0B76-BAE4-4488-B85C-2CE63CD0F577}.Debug|x64.Build.0 = Debug|x64
		{030D0B76-BAE4-4488-B85C-2CE63CD0F577}.Debug|x86.ActiveCfg = Debug|Any CPU
		{030D0B76-BAE4-4488-B85C-2CE63CD0F577}.Debug|x86.Build.0 = Debug|Any CPU
		{030D0B76-BAE4-4488-B85C-2CE63CD0F577}.Release|Any CPU.ActiveCfg = Release|Any CPU
		{030D0B76-BAE4-4488-B85C-2CE63CD0F577}.Release|Any CPU.Build.0 = Release|Any CPU
		{030D0B76-BAE4-4488-B85C-2CE63CD0F577}.Release|ARM.ActiveCfg = Release|Any CPU
		{030D0B76-BAE4-4488-B85C-2CE63CD0F577}.Release|ARM.Build.0 = Release|Any CPU
		{030D0B76-BAE4-4488-B85C-2CE63CD0F577}.Release|ARM64.ActiveCfg = Release|Any CPU
		{030D0B76-BAE4-4488-B85C-2CE63CD0F577}.Release|ARM64.Build.0 = Release|Any CPU
		{030D0B76-BAE4-4488-B85C-2CE63CD0F577}.Release|x64.ActiveCfg = Release|Any CPU
		{030D0B76-BAE4-4488-B85C-2CE63CD0F577}.Release|x64.Build.0 = Release|Any CPU
		{030D0B76-BAE4-4488-B85C-2CE63CD0F577}.Release|x86.ActiveCfg = Release|Any CPU
		{030D0B76-BAE4-4488-B85C-2CE63CD0F577}.Release|x86.Build.0 = Release|Any CPU
		{FBB2FC3F-71F5-4309-BD2A-E500FBF92695}.Debug|Any CPU.ActiveCfg = Debug|Any CPU
		{FBB2FC3F-71F5-4309-BD2A-E500FBF92695}.Debug|Any CPU.Build.0 = Debug|Any CPU
		{FBB2FC3F-71F5-4309-BD2A-E500FBF92695}.Debug|ARM.ActiveCfg = Debug|Any CPU
		{FBB2FC3F-71F5-4309-BD2A-E500FBF92695}.Debug|ARM.Build.0 = Debug|Any CPU
		{FBB2FC3F-71F5-4309-BD2A-E500FBF92695}.Debug|ARM64.ActiveCfg = Debug|Any CPU
		{FBB2FC3F-71F5-4309-BD2A-E500FBF92695}.Debug|ARM64.Build.0 = Debug|Any CPU
		{FBB2FC3F-71F5-4309-BD2A-E500FBF92695}.Debug|x64.ActiveCfg = Debug|Any CPU
		{FBB2FC3F-71F5-4309-BD2A-E500FBF92695}.Debug|x64.Build.0 = Debug|Any CPU
		{FBB2FC3F-71F5-4309-BD2A-E500FBF92695}.Debug|x86.ActiveCfg = Debug|Any CPU
		{FBB2FC3F-71F5-4309-BD2A-E500FBF92695}.Debug|x86.Build.0 = Debug|Any CPU
		{FBB2FC3F-71F5-4309-BD2A-E500FBF92695}.Release|Any CPU.ActiveCfg = Release|Any CPU
		{FBB2FC3F-71F5-4309-BD2A-E500FBF92695}.Release|Any CPU.Build.0 = Release|Any CPU
		{FBB2FC3F-71F5-4309-BD2A-E500FBF92695}.Release|ARM.ActiveCfg = Release|Any CPU
		{FBB2FC3F-71F5-4309-BD2A-E500FBF92695}.Release|ARM.Build.0 = Release|Any CPU
		{FBB2FC3F-71F5-4309-BD2A-E500FBF92695}.Release|ARM64.ActiveCfg = Release|Any CPU
		{FBB2FC3F-71F5-4309-BD2A-E500FBF92695}.Release|ARM64.Build.0 = Release|Any CPU
		{FBB2FC3F-71F5-4309-BD2A-E500FBF92695}.Release|x64.ActiveCfg = Release|Any CPU
		{FBB2FC3F-71F5-4309-BD2A-E500FBF92695}.Release|x64.Build.0 = Release|Any CPU
		{FBB2FC3F-71F5-4309-BD2A-E500FBF92695}.Release|x86.ActiveCfg = Release|Any CPU
		{FBB2FC3F-71F5-4309-BD2A-E500FBF92695}.Release|x86.Build.0 = Release|Any CPU
		{06C8FC08-8958-4676-B46C-E060AAB99730}.Debug|Any CPU.ActiveCfg = Debug|Any CPU
		{06C8FC08-8958-4676-B46C-E060AAB99730}.Debug|Any CPU.Build.0 = Debug|Any CPU
		{06C8FC08-8958-4676-B46C-E060AAB99730}.Debug|ARM.ActiveCfg = Debug|Any CPU
		{06C8FC08-8958-4676-B46C-E060AAB99730}.Debug|ARM.Build.0 = Debug|Any CPU
		{06C8FC08-8958-4676-B46C-E060AAB99730}.Debug|ARM64.ActiveCfg = Debug|Any CPU
		{06C8FC08-8958-4676-B46C-E060AAB99730}.Debug|ARM64.Build.0 = Debug|Any CPU
		{06C8FC08-8958-4676-B46C-E060AAB99730}.Debug|x64.ActiveCfg = Debug|Any CPU
		{06C8FC08-8958-4676-B46C-E060AAB99730}.Debug|x64.Build.0 = Debug|Any CPU
		{06C8FC08-8958-4676-B46C-E060AAB99730}.Debug|x86.ActiveCfg = Debug|Any CPU
		{06C8FC08-8958-4676-B46C-E060AAB99730}.Debug|x86.Build.0 = Debug|Any CPU
		{06C8FC08-8958-4676-B46C-E060AAB99730}.Release|Any CPU.ActiveCfg = Release|Any CPU
		{06C8FC08-8958-4676-B46C-E060AAB99730}.Release|Any CPU.Build.0 = Release|Any CPU
		{06C8FC08-8958-4676-B46C-E060AAB99730}.Release|ARM.ActiveCfg = Release|Any CPU
		{06C8FC08-8958-4676-B46C-E060AAB99730}.Release|ARM.Build.0 = Release|Any CPU
		{06C8FC08-8958-4676-B46C-E060AAB99730}.Release|ARM64.ActiveCfg = Release|Any CPU
		{06C8FC08-8958-4676-B46C-E060AAB99730}.Release|ARM64.Build.0 = Release|Any CPU
		{06C8FC08-8958-4676-B46C-E060AAB99730}.Release|x64.ActiveCfg = Release|Any CPU
		{06C8FC08-8958-4676-B46C-E060AAB99730}.Release|x64.Build.0 = Release|Any CPU
		{06C8FC08-8958-4676-B46C-E060AAB99730}.Release|x86.ActiveCfg = Release|Any CPU
		{06C8FC08-8958-4676-B46C-E060AAB99730}.Release|x86.Build.0 = Release|Any CPU
		{F244897E-02B9-492B-981C-1D89699F50D5}.Debug|Any CPU.ActiveCfg = Debug|Any CPU
		{F244897E-02B9-492B-981C-1D89699F50D5}.Debug|Any CPU.Build.0 = Debug|Any CPU
		{F244897E-02B9-492B-981C-1D89699F50D5}.Debug|ARM.ActiveCfg = Debug|Any CPU
		{F244897E-02B9-492B-981C-1D89699F50D5}.Debug|ARM.Build.0 = Debug|Any CPU
		{F244897E-02B9-492B-981C-1D89699F50D5}.Debug|ARM64.ActiveCfg = Debug|Any CPU
		{F244897E-02B9-492B-981C-1D89699F50D5}.Debug|ARM64.Build.0 = Debug|Any CPU
		{F244897E-02B9-492B-981C-1D89699F50D5}.Debug|x64.ActiveCfg = Debug|Any CPU
		{F244897E-02B9-492B-981C-1D89699F50D5}.Debug|x64.Build.0 = Debug|Any CPU
		{F244897E-02B9-492B-981C-1D89699F50D5}.Debug|x86.ActiveCfg = Debug|Any CPU
		{F244897E-02B9-492B-981C-1D89699F50D5}.Debug|x86.Build.0 = Debug|Any CPU
		{F244897E-02B9-492B-981C-1D89699F50D5}.Release|Any CPU.ActiveCfg = Release|Any CPU
		{F244897E-02B9-492B-981C-1D89699F50D5}.Release|Any CPU.Build.0 = Release|Any CPU
		{F244897E-02B9-492B-981C-1D89699F50D5}.Release|ARM.ActiveCfg = Release|Any CPU
		{F244897E-02B9-492B-981C-1D89699F50D5}.Release|ARM.Build.0 = Release|Any CPU
		{F244897E-02B9-492B-981C-1D89699F50D5}.Release|ARM64.ActiveCfg = Release|Any CPU
		{F244897E-02B9-492B-981C-1D89699F50D5}.Release|ARM64.Build.0 = Release|Any CPU
		{F244897E-02B9-492B-981C-1D89699F50D5}.Release|x64.ActiveCfg = Release|Any CPU
		{F244897E-02B9-492B-981C-1D89699F50D5}.Release|x64.Build.0 = Release|Any CPU
		{F244897E-02B9-492B-981C-1D89699F50D5}.Release|x86.ActiveCfg = Release|Any CPU
		{F244897E-02B9-492B-981C-1D89699F50D5}.Release|x86.Build.0 = Release|Any CPU
		{469D426D-A3A7-40AE-BC82-27A21DCB08E6}.Debug|Any CPU.ActiveCfg = Debug|Any CPU
		{469D426D-A3A7-40AE-BC82-27A21DCB08E6}.Debug|Any CPU.Build.0 = Debug|Any CPU
		{469D426D-A3A7-40AE-BC82-27A21DCB08E6}.Debug|ARM.ActiveCfg = Debug|Any CPU
		{469D426D-A3A7-40AE-BC82-27A21DCB08E6}.Debug|ARM.Build.0 = Debug|Any CPU
		{469D426D-A3A7-40AE-BC82-27A21DCB08E6}.Debug|ARM64.ActiveCfg = Debug|Any CPU
		{469D426D-A3A7-40AE-BC82-27A21DCB08E6}.Debug|ARM64.Build.0 = Debug|Any CPU
		{469D426D-A3A7-40AE-BC82-27A21DCB08E6}.Debug|x64.ActiveCfg = Debug|Any CPU
		{469D426D-A3A7-40AE-BC82-27A21DCB08E6}.Debug|x64.Build.0 = Debug|Any CPU
		{469D426D-A3A7-40AE-BC82-27A21DCB08E6}.Debug|x86.ActiveCfg = Debug|Any CPU
		{469D426D-A3A7-40AE-BC82-27A21DCB08E6}.Debug|x86.Build.0 = Debug|Any CPU
		{469D426D-A3A7-40AE-BC82-27A21DCB08E6}.Release|Any CPU.ActiveCfg = Release|Any CPU
		{469D426D-A3A7-40AE-BC82-27A21DCB08E6}.Release|Any CPU.Build.0 = Release|Any CPU
		{469D426D-A3A7-40AE-BC82-27A21DCB08E6}.Release|ARM.ActiveCfg = Release|Any CPU
		{469D426D-A3A7-40AE-BC82-27A21DCB08E6}.Release|ARM.Build.0 = Release|Any CPU
		{469D426D-A3A7-40AE-BC82-27A21DCB08E6}.Release|ARM64.ActiveCfg = Release|Any CPU
		{469D426D-A3A7-40AE-BC82-27A21DCB08E6}.Release|ARM64.Build.0 = Release|Any CPU
		{469D426D-A3A7-40AE-BC82-27A21DCB08E6}.Release|x64.ActiveCfg = Release|Any CPU
		{469D426D-A3A7-40AE-BC82-27A21DCB08E6}.Release|x64.Build.0 = Release|Any CPU
		{469D426D-A3A7-40AE-BC82-27A21DCB08E6}.Release|x86.ActiveCfg = Release|Any CPU
		{469D426D-A3A7-40AE-BC82-27A21DCB08E6}.Release|x86.Build.0 = Release|Any CPU
	EndGlobalSection
	GlobalSection(SolutionProperties) = preSolution
		HideSolutionNode = FALSE
	EndGlobalSection
	GlobalSection(ExtensibilityGlobals) = postSolution
		SolutionGuid = {A8CBAEF7-FF0D-4212-BC6A-A2E32BC26469}
	EndGlobalSection
EndGlobal
