
Microsoft Visual Studio Solution File, Format Version 12.00
# Visual Studio Version 16
VisualStudioVersion = 16.0.30011.22
MinimumVisualStudioVersion = 10.0.40219.1
Project("{FAE04EC0-301F-11D3-BF4B-00C04F79EFBC}") = "Shimakaze.CSF.Kernel", "Shimakaze.CSF.Kernel\Shimakaze.CSF.Kernel.csproj", "{2552299E-E01A-46D8-80F9-4591ABEC8D99}"
EndProject
Project("{FAE04EC0-301F-11D3-BF4B-00C04F79EFBC}") = "Shimakaze.CSF.GUI", "Shimakaze.CSF.GUI\Shimakaze.CSF.GUI.csproj", "{6C6159DD-DBCF-4789-B5B4-E919238D47BC}"
EndProject
Global
	GlobalSection(SolutionConfigurationPlatforms) = preSolution
		Debug|Any CPU = Debug|Any CPU
		Debug|ARM = Debug|ARM
		Debug|ARM64 = Debug|ARM64
		Debug|x64 = Debug|x64
		Debug|x86 = Debug|x86
		Release|Any CPU = Release|Any CPU
		Release|ARM = Release|ARM
		Release|ARM64 = Release|ARM64
		Release|x64 = Release|x64
		Release|x86 = Release|x86
	EndGlobalSection
	GlobalSection(ProjectConfigurationPlatforms) = postSolution
		{2552299E-E01A-46D8-80F9-4591ABEC8D99}.Debug|Any CPU.ActiveCfg = Debug|Any CPU
		{2552299E-E01A-46D8-80F9-4591ABEC8D99}.Debug|Any CPU.Build.0 = Debug|Any CPU
		{2552299E-E01A-46D8-80F9-4591ABEC8D99}.Debug|ARM.ActiveCfg = Debug|Any CPU
		{2552299E-E01A-46D8-80F9-4591ABEC8D99}.Debug|ARM.Build.0 = Debug|Any CPU
		{2552299E-E01A-46D8-80F9-4591ABEC8D99}.Debug|ARM64.ActiveCfg = Debug|Any CPU
		{2552299E-E01A-46D8-80F9-4591ABEC8D99}.Debug|ARM64.Build.0 = Debug|Any CPU
		{2552299E-E01A-46D8-80F9-4591ABEC8D99}.Debug|x64.ActiveCfg = Debug|Any CPU
		{2552299E-E01A-46D8-80F9-4591ABEC8D99}.Debug|x64.Build.0 = Debug|Any CPU
		{2552299E-E01A-46D8-80F9-4591ABEC8D99}.Debug|x86.ActiveCfg = Debug|Any CPU
		{2552299E-E01A-46D8-80F9-4591ABEC8D99}.Debug|x86.Build.0 = Debug|Any CPU
		{2552299E-E01A-46D8-80F9-4591ABEC8D99}.Release|Any CPU.ActiveCfg = Release|Any CPU
		{2552299E-E01A-46D8-80F9-4591ABEC8D99}.Release|Any CPU.Build.0 = Release|Any CPU
		{2552299E-E01A-46D8-80F9-4591ABEC8D99}.Release|ARM.ActiveCfg = Release|Any CPU
		{2552299E-E01A-46D8-80F9-4591ABEC8D99}.Release|ARM.Build.0 = Release|Any CPU
		{2552299E-E01A-46D8-80F9-4591ABEC8D99}.Release|ARM64.ActiveCfg = Release|Any CPU
		{2552299E-E01A-46D8-80F9-4591ABEC8D99}.Release|ARM64.Build.0 = Release|Any CPU
		{2552299E-E01A-46D8-80F9-4591ABEC8D99}.Release|x64.ActiveCfg = Release|Any CPU
		{2552299E-E01A-46D8-80F9-4591ABEC8D99}.Release|x64.Build.0 = Release|Any CPU
		{2552299E-E01A-46D8-80F9-4591ABEC8D99}.Release|x86.ActiveCfg = Release|Any CPU
		{2552299E-E01A-46D8-80F9-4591ABEC8D99}.Release|x86.Build.0 = Release|Any CPU
		{6C6159DD-DBCF-4789-B5B4-E919238D47BC}.Debug|Any CPU.ActiveCfg = Debug|Any CPU
		{6C6159DD-DBCF-4789-B5B4-E919238D47BC}.Debug|Any CPU.Build.0 = Debug|Any CPU
		{6C6159DD-DBCF-4789-B5B4-E919238D47BC}.Debug|ARM.ActiveCfg = Debug|Any CPU
		{6C6159DD-DBCF-4789-B5B4-E919238D47BC}.Debug|ARM.Build.0 = Debug|Any CPU
		{6C6159DD-DBCF-4789-B5B4-E919238D47BC}.Debug|ARM64.ActiveCfg = Debug|Any CPU
		{6C6159DD-DBCF-4789-B5B4-E919238D47BC}.Debug|ARM64.Build.0 = Debug|Any CPU
		{6C6159DD-DBCF-4789-B5B4-E919238D47BC}.Debug|x64.ActiveCfg = Debug|Any CPU
		{6C6159DD-DBCF-4789-B5B4-E919238D47BC}.Debug|x64.Build.0 = Debug|Any CPU
		{6C6159DD-DBCF-4789-B5B4-E919238D47BC}.Debug|x86.ActiveCfg = Debug|Any CPU
		{6C6159DD-DBCF-4789-B5B4-E919238D47BC}.Debug|x86.Build.0 = Debug|Any CPU
		{6C6159DD-DBCF-4789-B5B4-E919238D47BC}.Release|Any CPU.ActiveCfg = Release|Any CPU
		{6C6159DD-DBCF-4789-B5B4-E919238D47BC}.Release|Any CPU.Build.0 = Release|Any CPU
		{6C6159DD-DBCF-4789-B5B4-E919238D47BC}.Release|ARM.ActiveCfg = Release|Any CPU
		{6C6159DD-DBCF-4789-B5B4-E919238D47BC}.Release|ARM.Build.0 = Release|Any CPU
		{6C6159DD-DBCF-4789-B5B4-E919238D47BC}.Release|ARM64.ActiveCfg = Release|Any CPU
		{6C6159DD-DBCF-4789-B5B4-E919238D47BC}.Release|ARM64.Build.0 = Release|Any CPU
		{6C6159DD-DBCF-4789-B5B4-E919238D47BC}.Release|x64.ActiveCfg = Release|Any CPU
		{6C6159DD-DBCF-4789-B5B4-E919238D47BC}.Release|x64.Build.0 = Release|Any CPU
		{6C6159DD-DBCF-4789-B5B4-E919238D47BC}.Release|x86.ActiveCfg = Release|Any CPU
		{6C6159DD-DBCF-4789-B5B4-E919238D47BC}.Release|x86.Build.0 = Release|Any CPU
	EndGlobalSection
	GlobalSection(SolutionProperties) = preSolution
		HideSolutionNode = FALSE
	EndGlobalSection
	GlobalSection(ExtensibilityGlobals) = postSolution
		SolutionGuid = {92F3FCE4-5B03-4EFE-A8DD-C3CE87113FC2}
	EndGlobalSection
EndGlobal
